
Microsoft Visual Studio Solution File, Format Version 12.00
# Visual Studio Version 17
VisualStudioVersion = 17.10.35122.118
MinimumVisualStudioVersion = 10.0.40219.1
Project("{FAE04EC0-301F-11D3-BF4B-00C04F79EFBC}") = "depi-real-state-management-system", "depi-real-state-management-system.csproj", "{59D798B7-77A0-401A-8A09-072D9200366B}"
EndProject
Global
	GlobalSection(SolutionConfigurationPlatforms) = preSolution
		Debug|Any CPU = Debug|Any CPU
		Release|Any CPU = Release|Any CPU
	EndGlobalSection
	GlobalSection(ProjectConfigurationPlatforms) = postSolution
		{59D798B7-77A0-401A-8A09-072D9200366B}.Debug|Any CPU.ActiveCfg = Debug|Any CPU
		{59D798B7-77A0-401A-8A09-072D9200366B}.Debug|Any CPU.Build.0 = Debug|Any CPU
		{59D798B7-77A0-401A-8A09-072D9200366B}.Release|Any CPU.ActiveCfg = Release|Any CPU
		{59D798B7-77A0-401A-8A09-072D9200366B}.Release|Any CPU.Build.0 = Release|Any CPU
	EndGlobalSection
	GlobalSection(SolutionProperties) = preSolution
		HideSolutionNode = FALSE
	EndGlobalSection
	GlobalSection(ExtensibilityGlobals) = postSolution
		SolutionGuid = {74ACB18C-7A5F-4E7B-96A9-0384B5F37BA8}
	EndGlobalSection
EndGlobal
